
Microsoft Visual Studio Solution File, Format Version 12.00
# Visual Studio Version 17
VisualStudioVersion = 17.10.34928.147
MinimumVisualStudioVersion = 10.0.40219.1
Project("{FAE04EC0-301F-11D3-BF4B-00C04F79EFBC}") = "DepthChart.Tests", "DepthChart.Tests\DepthChart.Tests.csproj", "{BF55DFB1-3687-4E9C-B2F6-D62F8FDCAAFD}"
EndProject
Project("{FAE04EC0-301F-11D3-BF4B-00C04F79EFBC}") = "DepthChart.Domain", "DepthChart.Domain\DepthChart.Domain.csproj", "{607A2553-6758-4A9E-BD9B-A2B2A1040391}"
EndProject
Global
	GlobalSection(SolutionConfigurationPlatforms) = preSolution
		Debug|Any CPU = Debug|Any CPU
		Release|Any CPU = Release|Any CPU
	EndGlobalSection
	GlobalSection(ProjectConfigurationPlatforms) = postSolution
		{BF55DFB1-3687-4E9C-B2F6-D62F8FDCAAFD}.Debug|Any CPU.ActiveCfg = Debug|Any CPU
		{BF55DFB1-3687-4E9C-B2F6-D62F8FDCAAFD}.Debug|Any CPU.Build.0 = Debug|Any CPU
		{BF55DFB1-3687-4E9C-B2F6-D62F8FDCAAFD}.Release|Any CPU.ActiveCfg = Release|Any CPU
		{BF55DFB1-3687-4E9C-B2F6-D62F8FDCAAFD}.Release|Any CPU.Build.0 = Release|Any CPU
		{607A2553-6758-4A9E-BD9B-A2B2A1040391}.Debug|Any CPU.ActiveCfg = Debug|Any CPU
		{607A2553-6758-4A9E-BD9B-A2B2A1040391}.Debug|Any CPU.Build.0 = Debug|Any CPU
		{607A2553-6758-4A9E-BD9B-A2B2A1040391}.Release|Any CPU.ActiveCfg = Release|Any CPU
		{607A2553-6758-4A9E-BD9B-A2B2A1040391}.Release|Any CPU.Build.0 = Release|Any CPU
	EndGlobalSection
	GlobalSection(SolutionProperties) = preSolution
		HideSolutionNode = FALSE
	EndGlobalSection
	GlobalSection(ExtensibilityGlobals) = postSolution
		SolutionGuid = {190D6BE8-A0E0-4354-B755-FB1F90A25D87}
	EndGlobalSection
EndGlobal
